{
  "name": "mindys-ai-guide",
  "version": "1.0.0",
  "lockfileVersion": 3,
  "requires": true,
  "packages": {
    "": {
      "name": "mindys-ai-guide",
      "version": "1.0.0",
      "dependencies": {
        "@anthropic-ai/sdk": "^0.50.4"
      }
    },
    "node_modules/@anthropic-ai/sdk": {
      "version": "0.50.4",
      "resolved": "https://registry.npmjs.org/@anthropic-ai/sdk/-/sdk-0.50.4.tgz",
      "integrity": "sha512-zZOWyIuznx2uqiRcCNuidkAsLC8IBHgS9lTwSVEB29sUCwEcqL95MWpWP1nccHSKfiZga+hbZaI0btR2zjuMmw==",
      "license": "MIT",
      "bin": {
        "anthropic-ai-sdk": "bin/cli"
      },
      "engines": {
        "node": ">= 20"
      }
    }
  }
}
